
Microsoft Visual Studio Solution File, Format Version 12.00
# Visual Studio 2012
Project("{FAE04EC0-301F-11D3-BF4B-00C04F79EFBC}") = "FirstStep", "..\web\FirstStep.csproj", "{BD77DA8D-0EDF-46F0-BB5B-6CD26F83E875}"
EndProject
Global
	GlobalSection(SolutionConfigurationPlatforms) = preSolution
		Debug|Any CPU = Debug|Any CPU
		Release|Any CPU = Release|Any CPU
	EndGlobalSection
	GlobalSection(ProjectConfigurationPlatforms) = postSolution
		{BD77DA8D-0EDF-46F0-BB5B-6CD26F83E875}.Debug|Any CPU.ActiveCfg = Debug|Any CPU
		{BD77DA8D-0EDF-46F0-BB5B-6CD26F83E875}.Debug|Any CPU.Build.0 = Debug|Any CPU
		{BD77DA8D-0EDF-46F0-BB5B-6CD26F83E875}.Release|Any CPU.ActiveCfg = Release|Any CPU
		{BD77DA8D-0EDF-46F0-BB5B-6CD26F83E875}.Release|Any CPU.Build.0 = Release|Any CPU
	EndGlobalSection
	GlobalSection(SolutionProperties) = preSolution
		HideSolutionNode = FALSE
	EndGlobalSection
EndGlobal
